Microsoft Visual Studio Solution File, Format Version 12.00
# Visual Studio Version 17
VisualStudioVersion = 17.8.0.0
MinimumVisualStudioVersion = 17.8.0.0
Project("{9A19103F-16F7-4668-BE54-9A1E7A4F7556}") = "AspireRef.AppHost", "AspireRef.AppHost\AspireRef.AppHost.csproj", "{1EA2A7F6-5724-45EC-ABA1-93A81DEC1C82}"
EndProject
Project("{9A19103F-16F7-4668-BE54-9A1E7A4F7556}") = "AspireRef.ServiceDefaults", "AspireRef.ServiceDefaults\AspireRef.ServiceDefaults.csproj", "{45767DFE-9FCD-4BBB-90E1-6457EAFE1061}"
EndProject
Project("{9A19103F-16F7-4668-BE54-9A1E7A4F7556}") = "AspireRef.ApiService", "AspireRef.ApiService\AspireRef.ApiService.csproj", "{8557986C-A00F-439B-A2DF-5C66AC5F93AD}"
EndProject
Project("{9A19103F-16F7-4668-BE54-9A1E7A4F7556}") = "AspireRef.Web", "AspireRef.Web\AspireRef.Web.csproj", "{B9134180-3F44-44D2-9485-7D8C52DBD483}"
EndProject
Global
	GlobalSection(SolutionConfigurationPlatforms) = preSolution
		Debug|Any CPU = Debug|Any CPU
		Release|Any CPU = Release|Any CPU
	EndGlobalSection
	GlobalSection(ProjectConfigurationPlatforms) = postSolution
		{1EA2A7F6-5724-45EC-ABA1-93A81DEC1C82}.Debug|Any CPU.ActiveCfg = Debug|Any CPU
		{1EA2A7F6-5724-45EC-ABA1-93A81DEC1C82}.Debug|Any CPU.Build.0 = Debug|Any CPU
		{1EA2A7F6-5724-45EC-ABA1-93A81DEC1C82}.Release|Any CPU.ActiveCfg = Release|Any CPU
		{1EA2A7F6-5724-45EC-ABA1-93A81DEC1C82}.Release|Any CPU.Build.0 = Release|Any CPU
		{45767DFE-9FCD-4BBB-90E1-6457EAFE1061}.Debug|Any CPU.ActiveCfg = Debug|Any CPU
		{45767DFE-9FCD-4BBB-90E1-6457EAFE1061}.Debug|Any CPU.Build.0 = Debug|Any CPU
		{45767DFE-9FCD-4BBB-90E1-6457EAFE1061}.Release|Any CPU.ActiveCfg = Release|Any CPU
		{45767DFE-9FCD-4BBB-90E1-6457EAFE1061}.Release|Any CPU.Build.0 = Release|Any CPU
		{8557986C-A00F-439B-A2DF-5C66AC5F93AD}.Debug|Any CPU.ActiveCfg = Debug|Any CPU
		{8557986C-A00F-439B-A2DF-5C66AC5F93AD}.Debug|Any CPU.Build.0 = Debug|Any CPU
		{8557986C-A00F-439B-A2DF-5C66AC5F93AD}.Release|Any CPU.ActiveCfg = Release|Any CPU
		{8557986C-A00F-439B-A2DF-5C66AC5F93AD}.Release|Any CPU.Build.0 = Release|Any CPU
		{B9134180-3F44-44D2-9485-7D8C52DBD483}.Debug|Any CPU.ActiveCfg = Debug|Any CPU
		{B9134180-3F44-44D2-9485-7D8C52DBD483}.Debug|Any CPU.Build.0 = Debug|Any CPU
		{B9134180-3F44-44D2-9485-7D8C52DBD483}.Release|Any CPU.ActiveCfg = Release|Any CPU
		{B9134180-3F44-44D2-9485-7D8C52DBD483}.Release|Any CPU.Build.0 = Release|Any CPU
	EndGlobalSection
	GlobalSection(SolutionProperties) = preSolution
		HideSolutionNode = FALSE
	EndGlobalSection
	GlobalSection(ExtensibilityGlobals) = postSolution
		SolutionGuid = {AB32485E-C692-4FBA-9C17-B4FA8DD12B90}
	EndGlobalSection
EndGlobal
